
Microsoft Visual Studio Solution File, Format Version 12.00
# Visual Studio Version 16
VisualStudioVersion = 16.0.28809.33
MinimumVisualStudioVersion = 10.0.40219.1
Project("{FAE04EC0-301F-11D3-BF4B-00C04F79EFBC}") = "lesson 1", "lesson 1.csproj", "{19F59D9B-D34C-46A8-922C-804221F76D5A}"
EndProject
Global
	GlobalSection(SolutionConfigurationPlatforms) = preSolution
		Debug|Any CPU = Debug|Any CPU
		Release|Any CPU = Release|Any CPU
	EndGlobalSection
	GlobalSection(ProjectConfigurationPlatforms) = postSolution
		{19F59D9B-D34C-46A8-922C-804221F76D5A}.Debug|Any CPU.ActiveCfg = Debug|Any CPU
		{19F59D9B-D34C-46A8-922C-804221F76D5A}.Debug|Any CPU.Build.0 = Debug|Any CPU
		{19F59D9B-D34C-46A8-922C-804221F76D5A}.Release|Any CPU.ActiveCfg = Release|Any CPU
		{19F59D9B-D34C-46A8-922C-804221F76D5A}.Release|Any CPU.Build.0 = Release|Any CPU
	EndGlobalSection
	GlobalSection(SolutionProperties) = preSolution
		HideSolutionNode = FALSE
	EndGlobalSection
	GlobalSection(ExtensibilityGlobals) = postSolution
		SolutionGuid = {876B540C-2D2F-4D45-A78F-EE38BAC620E3}
	EndGlobalSection
EndGlobal
