
Microsoft Visual Studio Solution File, Format Version 12.00
# Visual Studio Version 16
VisualStudioVersion = 16.0.28809.33
MinimumVisualStudioVersion = 10.0.40219.1
Project("{FAE04EC0-301F-11D3-BF4B-00C04F79EFBC}") = "Lesson4", "Lesson4.csproj", "{368379C2-589B-430D-8A5D-B0A7ED834BA4}"
EndProject
Global
	GlobalSection(SolutionConfigurationPlatforms) = preSolution
		Debug|Any CPU = Debug|Any CPU
		Release|Any CPU = Release|Any CPU
	EndGlobalSection
	GlobalSection(ProjectConfigurationPlatforms) = postSolution
		{368379C2-589B-430D-8A5D-B0A7ED834BA4}.Debug|Any CPU.ActiveCfg = Debug|Any CPU
		{368379C2-589B-430D-8A5D-B0A7ED834BA4}.Debug|Any CPU.Build.0 = Debug|Any CPU
		{368379C2-589B-430D-8A5D-B0A7ED834BA4}.Release|Any CPU.ActiveCfg = Release|Any CPU
		{368379C2-589B-430D-8A5D-B0A7ED834BA4}.Release|Any CPU.Build.0 = Release|Any CPU
	EndGlobalSection
	GlobalSection(SolutionProperties) = preSolution
		HideSolutionNode = FALSE
	EndGlobalSection
	GlobalSection(ExtensibilityGlobals) = postSolution
		SolutionGuid = {EE043E07-9F46-4CC6-B429-BB04144C74AE}
	EndGlobalSection
EndGlobal
