
Microsoft Visual Studio Solution File, Format Version 12.00
# Visual Studio Version 16
VisualStudioVersion = 16.0.28809.33
MinimumVisualStudioVersion = 10.0.40219.1
Project("{FAE04EC0-301F-11D3-BF4B-00C04F79EFBC}") = "Jugraj singh", "Jugraj singh\Jugraj singh.csproj", "{85153E14-CEA6-4FE2-8A25-22EC68375639}"
EndProject
Global
	GlobalSection(SolutionConfigurationPlatforms) = preSolution
		Debug|Any CPU = Debug|Any CPU
		Release|Any CPU = Release|Any CPU
	EndGlobalSection
	GlobalSection(ProjectConfigurationPlatforms) = postSolution
		{85153E14-CEA6-4FE2-8A25-22EC68375639}.Debug|Any CPU.ActiveCfg = Debug|Any CPU
		{85153E14-CEA6-4FE2-8A25-22EC68375639}.Debug|Any CPU.Build.0 = Debug|Any CPU
		{85153E14-CEA6-4FE2-8A25-22EC68375639}.Release|Any CPU.ActiveCfg = Release|Any CPU
		{85153E14-CEA6-4FE2-8A25-22EC68375639}.Release|Any CPU.Build.0 = Release|Any CPU
	EndGlobalSection
	GlobalSection(SolutionProperties) = preSolution
		HideSolutionNode = FALSE
	EndGlobalSection
	GlobalSection(ExtensibilityGlobals) = postSolution
		SolutionGuid = {CAB501A2-946A-4212-A0B5-A4422F12B7D1}
	EndGlobalSection
EndGlobal
